// !$*UTF8*$!
{
	archiveVersion = 1;
	classes = {
	};
	objectVersion = 56;
	objects = {

/* Begin PBXBuildFile section */
		235F7A382A17325300E15E68 /* AppDelegate.swift in Sources */ = {isa = PBXBuildFile; fileRef = 235F7A372A17325300E15E68 /* AppDelegate.swift */; };
		235F7A3A2A17325300E15E68 /* SceneDelegate.swift in Sources */ = {isa = PBXBuildFile; fileRef = 235F7A392A17325300E15E68 /* SceneDelegate.swift */; };
		235F7A3C2A17325300E15E68 /* ViewController.swift in Sources */ = {isa = PBXBuildFile; fileRef = 235F7A3B2A17325300E15E68 /* ViewController.swift */; };
		235F7A3F2A17325300E15E68 /* Main.storyboard in Resources */ = {isa = PBXBuildFile; fileRef = 235F7A3D2A17325300E15E68 /* Main.storyboard */; };
		235F7A412A17325500E15E68 /* Assets.xcassets in Resources */ = {isa = PBXBuildFile; fileRef = 235F7A402A17325500E15E68 /* Assets.xcassets */; };
		235F7A442A17325500E15E68 /* LaunchScreen.storyboard in Resources */ = {isa = PBXBuildFile; fileRef = 235F7A422A17325500E15E68 /* LaunchScreen.storyboard */; };
		235F7A4F2A17325500E15E68 /* machTwoHomeWorkTests.swift in Sources */ = {isa = PBXBuildFile; fileRef = 235F7A4E2A17325500E15E68 /* machTwoHomeWorkTests.swift */; };
		235F7A592A17325500E15E68 /* machTwoHomeWorkUITests.swift in Sources */ = {isa = PBXBuildFile; fileRef = 235F7A582A17325500E15E68 /* machTwoHomeWorkUITests.swift */; };
		235F7A5B2A17325500E15E68 /* machTwoHomeWorkUITestsLaunchTests.swift in Sources */ = {isa = PBXBuildFile; fileRef = 235F7A5A2A17325500E15E68 /* machTwoHomeWorkUITestsLaunchTests.swift */; };
/* End PBXBuildFile section */

/* Begin PBXContainerItemProxy section */
		235F7A4B2A17325500E15E68 /* PBXContainerItemProxy */ = {
			isa = PBXContainerItemProxy;
			containerPortal = 235F7A2C2A17325300E15E68 /* Project object */;
			proxyType = 1;
			remoteGlobalIDString = 235F7A332A17325300E15E68;
			remoteInfo = machTwoHomeWork;
		};
		235F7A552A17325500E15E68 /* PBXContainerItemProxy */ = {
			isa = PBXContainerItemProxy;
			containerPortal = 235F7A2C2A17325300E15E68 /* Project object */;
			proxyType = 1;
			remoteGlobalIDString = 235F7A332A17325300E15E68;
			remoteInfo = machTwoHomeWork;
		};
/* End PBXContainerItemProxy section */

/* Begin PBXFileReference section */
		235F7A342A17325300E15E68 /* machTwoHomeWork.app */ = {isa = PBXFileReference; explicitFileType = wrapper.application; includeInIndex = 0; path = machTwoHomeWork.app; sourceTree = BUILT_PRODUCTS_DIR; };
		235F7A372A17325300E15E68 /* AppDelegate.swift */ = {isa = PBXFileReference; lastKnownFileType = sourcecode.swift; path = AppDelegate.swift; sourceTree = "<group>"; };
		235F7A392A17325300E15E68 /* SceneDelegate.swift */ = {isa = PBXFileReference; lastKnownFileType = sourcecode.swift; path = SceneDelegate.swift; sourceTree = "<group>"; };
		235F7A3B2A17325300E15E68 /* ViewController.swift */ = {isa = PBXFileReference; lastKnownFileType = sourcecode.swift; path = ViewController.swift; sourceTree = "<group>"; };
		235F7A3E2A17325300E15E68 /* Base */ = {isa = PBXFileReference; lastKnownFileType = file.storyboard; name = Base; path = Base.lproj/Main.storyboard; sourceTree = "<group>"; };
		235F7A402A17325500E15E68 /* Assets.xcassets */ = {isa = PBXFileReference; lastKnownFileType = folder.assetcatalog; path = Assets.xcassets; sourceTree = "<group>"; };
		235F7A432A17325500E15E68 /* Base */ = {isa = PBXFileReference; lastKnownFileType = file.storyboard; name = Base; path = Base.lproj/LaunchScreen.storyboard; sourceTree = "<group>"; };
		235F7A452A17325500E15E68 /* Info.plist */ = {isa = PBXFileReference; lastKnownFileType = text.plist.xml; path = Info.plist; sourceTree = "<group>"; };
		235F7A4A2A17325500E15E68 /* machTwoHomeWorkTests.xctest */ = {isa = PBXFileReference; explicitFileType = wrapper.cfbundle; includeInIndex = 0; path = machTwoHomeWorkTests.xctest; sourceTree = BUILT_PRODUCTS_DIR; };
		235F7A4E2A17325500E15E68 /* machTwoHomeWorkTests.swift */ = {isa = PBXFileReference; lastKnownFileType = sourcecode.swift; path = machTwoHomeWorkTests.swift; sourceTree = "<group>"; };
		235F7A542A17325500E15E68 /* machTwoHomeWorkUITests.xctest */ = {isa = PBXFileReference; explicitFileType = wrapper.cfbundle; includeInIndex = 0; path = machTwoHomeWorkUITests.xctest; sourceTree = BUILT_PRODUCTS_DIR; };
		235F7A582A17325500E15E68 /* machTwoHomeWorkUITests.swift */ = {isa = PBXFileReference; lastKnownFileType = sourcecode.swift; path = machTwoHomeWorkUITests.swift; sourceTree = "<group>"; };
		235F7A5A2A17325500E15E68 /* machTwoHomeWorkUITestsLaunchTests.swift */ = {isa = PBXFileReference; lastKnownFileType = sourcecode.swift; path = machTwoHomeWorkUITestsLaunchTests.swift; sourceTree = "<group>"; };
/* End PBXFileReference section */

/* Begin PBXFrameworksBuildPhase section */
		235F7A312A17325300E15E68 /* Frameworks */ = {
			isa = PBXFrameworksBuildPhase;
			buildActionMask = 2147483647;
			files = (
			);
			runOnlyForDeploymentPostprocessing = 0;
		};
		235F7A472A17325500E15E68 /* Frameworks */ = {
			isa = PBXFrameworksBuildPhase;
			buildActionMask = 2147483647;
			files = (
			);
			runOnlyForDeploymentPostprocessing = 0;
		};
		235F7A512A17325500E15E68 /* Frameworks */ = {
			isa = PBXFrameworksBuildPhase;
			buildActionMask = 2147483647;
			files = (
			);
			runOnlyForDeploymentPostprocessing = 0;
		};
/* End PBXFrameworksBuildPhase section */

/* Begin PBXGroup section */
		235F7A2B2A17325300E15E68 = {
			isa = PBXGroup;
			children = (
				235F7A362A17325300E15E68 /* machTwoHomeWork */,
				235F7A4D2A17325500E15E68 /* machTwoHomeWorkTests */,
				235F7A572A17325500E15E68 /* machTwoHomeWorkUITests */,
				235F7A352A17325300E15E68 /* Products */,
			);
			sourceTree = "<group>";
		};
		235F7A352A17325300E15E68 /* Products */ = {
			isa = PBXGroup;
			children = (
				235F7A342A17325300E15E68 /* machTwoHomeWork.app */,
				235F7A4A2A17325500E15E68 /* machTwoHomeWorkTests.xctest */,
				235F7A542A17325500E15E68 /* machTwoHomeWorkUITests.xctest */,
			);
			name = Products;
			sourceTree = "<group>";
		};
		235F7A362A17325300E15E68 /* machTwoHomeWork */ = {
			isa = PBXGroup;
			children = (
				235F7A372A17325300E15E68 /* AppDelegate.swift */,
				235F7A392A17325300E15E68 /* SceneDelegate.swift */,
				235F7A3B2A17325300E15E68 /* ViewController.swift */,
				235F7A3D2A17325300E15E68 /* Main.storyboard */,
				235F7A402A17325500E15E68 /* Assets.xcassets */,
				235F7A422A17325500E15E68 /* LaunchScreen.storyboard */,
				235F7A452A17325500E15E68 /* Info.plist */,
			);
			path = machTwoHomeWork;
			sourceTree = "<group>";
		};
		235F7A4D2A17325500E15E68 /* machTwoHomeWorkTests */ = {
			isa = PBXGroup;
			children = (
				235F7A4E2A17325500E15E68 /* machTwoHomeWorkTests.swift */,
			);
			path = machTwoHomeWorkTests;
			sourceTree = "<group>";
		};
		235F7A572A17325500E15E68 /* machTwoHomeWorkUITests */ = {
			isa = PBXGroup;
			children = (
				235F7A582A17325500E15E68 /* machTwoHomeWorkUITests.swift */,
				235F7A5A2A17325500E15E68 /* machTwoHomeWorkUITestsLaunchTests.swift */,
			);
			path = machTwoHomeWorkUITests;
			sourceTree = "<group>";
		};
/* End PBXGroup section */

/* Begin PBXNativeTarget section */
		235F7A332A17325300E15E68 /* machTwoHomeWork */ = {
			isa = PBXNativeTarget;
			buildConfigurationList = 235F7A5E2A17325500E15E68 /* Build configuration list for PBXNativeTarget "machTwoHomeWork" */;
			buildPhases = (
				235F7A302A17325300E15E68 /* Sources */,
				235F7A312A17325300E15E68 /* Frameworks */,
				235F7A322A17325300E15E68 /* Resources */,
			);
			buildRules = (
			);
			dependencies = (
			);
			name = machTwoHomeWork;
			productName = machTwoHomeWork;
			productReference = 235F7A342A17325300E15E68 /* machTwoHomeWork.app */;
			productType = "com.apple.product-type.application";
		};
		235F7A492A17325500E15E68 /* machTwoHomeWorkTests */ = {
			isa = PBXNativeTarget;
			buildConfigurationList = 235F7A612A17325500E15E68 /* Build configuration list for PBXNativeTarget "machTwoHomeWorkTests" */;
			buildPhases = (
				235F7A462A17325500E15E68 /* Sources */,
				235F7A472A17325500E15E68 /* Frameworks */,
				235F7A482A17325500E15E68 /* Resources */,
			);
			buildRules = (
			);
			dependencies = (
				235F7A4C2A17325500E15E68 /* PBXTargetDependency */,
			);
			name = machTwoHomeWorkTests;
			productName = machTwoHomeWorkTests;
			productReference = 235F7A4A2A17325500E15E68 /* machTwoHomeWorkTests.xctest */;
			productType = "com.apple.product-type.bundle.unit-test";
		};
		235F7A532A17325500E15E68 /* machTwoHomeWorkUITests */ = {
			isa = PBXNativeTarget;
			buildConfigurationList = 235F7A642A17325500E15E68 /* Build configuration list for PBXNativeTarget "machTwoHomeWorkUITests" */;
			buildPhases = (
				235F7A502A17325500E15E68 /* Sources */,
				235F7A512A17325500E15E68 /* Frameworks */,
				235F7A522A17325500E15E68 /* Resources */,
			);
			buildRules = (
			);
			dependencies = (
				235F7A562A17325500E15E68 /* PBXTargetDependency */,
			);
			name = machTwoHomeWorkUITests;
			productName = machTwoHomeWorkUITests;
			productReference = 235F7A542A17325500E15E68 /* machTwoHomeWorkUITests.xctest */;
			productType = "com.apple.product-type.bundle.ui-testing";
		};
/* End PBXNativeTarget section */

/* Begin PBXProject section */
		235F7A2C2A17325300E15E68 /* Project object */ = {
			isa = PBXProject;
			attributes = {
				BuildIndependentTargetsInParallel = 1;
				LastSwiftUpdateCheck = 1430;
				LastUpgradeCheck = 1430;
				TargetAttributes = {
					235F7A332A17325300E15E68 = {
						CreatedOnToolsVersion = 14.3;
					};
					235F7A492A17325500E15E68 = {
						CreatedOnToolsVersion = 14.3;
						TestTargetID = 235F7A332A17325300E15E68;
					};
					235F7A532A17325500E15E68 = {
						CreatedOnToolsVersion = 14.3;
						TestTargetID = 235F7A332A17325300E15E68;
					};
				};
			};
			buildConfigurationList = 235F7A2F2A17325300E15E68 /* Build configuration list for PBXProject "machTwoHomeWork" */;
			compatibilityVersion = "Xcode 14.0";
			developmentRegion = en;
			hasScannedForEncodings = 0;
			knownRegions = (
				en,
				Base,
			);
			mainGroup = 235F7A2B2A17325300E15E68;
			productRefGroup = 235F7A352A17325300E15E68 /* Products */;
			projectDirPath = "";
			projectRoot = "";
			targets = (
				235F7A332A17325300E15E68 /* machTwoHomeWork */,
				235F7A492A17325500E15E68 /* machTwoHomeWorkTests */,
				235F7A532A17325500E15E68 /* machTwoHomeWorkUITests */,
			);
		};
/* End PBXProject section */

/* Begin PBXResourcesBuildPhase section */
		235F7A322A17325300E15E68 /* Resources */ = {
			isa = PBXResourcesBuildPhase;
			buildActionMask = 2147483647;
			files = (
				235F7A442A17325500E15E68 /* LaunchScreen.storyboard in Resources */,
				235F7A412A17325500E15E68 /* Assets.xcassets in Resources */,
				235F7A3F2A17325300E15E68 /* Main.storyboard in Resources */,
			);
			runOnlyForDeploymentPostprocessing = 0;
		};
		235F7A482A17325500E15E68 /* Resources */ = {
			isa = PBXResourcesBuildPhase;
			buildActionMask = 2147483647;
			files = (
			);
			runOnlyForDeploymentPostprocessing = 0;
		};
		235F7A522A17325500E15E68 /* Resources */ = {
			isa = PBXResourcesBuildPhase;
			buildActionMask = 2147483647;
			files = (
			);
			runOnlyForDeploymentPostprocessing = 0;
		};
/* End PBXResourcesBuildPhase section */

/* Begin PBXSourcesBuildPhase section */
		235F7A302A17325300E15E68 /* Sources */ = {
			isa = PBXSourcesBuildPhase;
			buildActionMask = 2147483647;
			files = (
				235F7A3C2A17325300E15E68 /* ViewController.swift in Sources */,
				235F7A382A17325300E15E68 /* AppDelegate.swift in Sources */,
				235F7A3A2A17325300E15E68 /* SceneDelegate.swift in Sources */,
			);
			runOnlyForDeploymentPostprocessing = 0;
		};
		235F7A462A17325500E15E68 /* Sources */ = {
			isa = PBXSourcesBuildPhase;
			buildActionMask = 2147483647;
			files = (
				235F7A4F2A17325500E15E68 /* machTwoHomeWorkTests.swift in Sources */,
			);
			runOnlyForDeploymentPostprocessing = 0;
		};
		235F7A502A17325500E15E68 /* Sources */ = {
			isa = PBXSourcesBuildPhase;
			buildActionMask = 2147483647;
			files = (
				235F7A5B2A17325500E15E68 /* machTwoHomeWorkUITestsLaunchTests.swift in Sources */,
				235F7A592A17325500E15E68 /* machTwoHomeWorkUITests.swift in Sources */,
			);
			runOnlyForDeploymentPostprocessing = 0;
		};
/* End PBXSourcesBuildPhase section */

/* Begin PBXTargetDependency section */
		235F7A4C2A17325500E15E68 /* PBXTargetDependency */ = {
			isa = PBXTargetDependency;
			target = 235F7A332A17325300E15E68 /* machTwoHomeWork */;
			targetProxy = 235F7A4B2A17325500E15E68 /* PBXContainerItemProxy */;
		};
		235F7A562A17325500E15E68 /* PBXTargetDependency */ = {
			isa = PBXTargetDependency;
			target = 235F7A332A17325300E15E68 /* machTwoHomeWork */;
			targetProxy = 235F7A552A17325500E15E68 /* PBXContainerItemProxy */;
		};
/* End PBXTargetDependency section */

/* Begin PBXVariantGroup section */
		235F7A3D2A17325300E15E68 /* Main.storyboard */ = {
			isa = PBXVariantGroup;
			children = (
				235F7A3E2A17325300E15E68 /* Base */,
			);
			name = Main.storyboard;
			sourceTree = "<group>";
		};
		235F7A422A17325500E15E68 /* LaunchScreen.storyboard */ = {
			isa = PBXVariantGroup;
			children = (
				235F7A432A17325500E15E68 /* Base */,
			);
			name = LaunchScreen.storyboard;
			sourceTree = "<group>";
		};
/* End PBXVariantGroup section */

/* Begin XCBuildConfiguration section */
		235F7A5C2A17325500E15E68 /* Debug */ = {
			isa = XCBuildConfiguration;
			buildSettings = {
				ALWAYS_SEARCH_USER_PATHS = NO;
				CLANG_ANALYZER_NONNULL = YES;
				CLANG_ANALYZER_NUMBER_OBJECT_CONVERSION = YES_AGGRESSIVE;
				CLANG_CXX_LANGUAGE_STANDARD = "gnu++20";
				CLANG_ENABLE_MODULES = YES;
				CLANG_ENABLE_OBJC_ARC = YES;
				CLANG_ENABLE_OBJC_WEAK = YES;
				CLANG_WARN_BLOCK_CAPTURE_AUTORELEASING = YES;
				CLANG_WARN_BOOL_CONVERSION = YES;
				CLANG_WARN_COMMA = YES;
				CLANG_WARN_CONSTANT_CONVERSION = YES;
				CLANG_WARN_DEPRECATED_OBJC_IMPLEMENTATIONS = YES;
				CLANG_WARN_DIRECT_OBJC_ISA_USAGE = YES_ERROR;
				CLANG_WARN_DOCUMENTATION_COMMENTS = YES;
				CLANG_WARN_EMPTY_BODY = YES;
				CLANG_WARN_ENUM_CONVERSION = YES;
				CLANG_WARN_INFINITE_RECURSION = YES;
				CLANG_WARN_INT_CONVERSION = YES;
				CLANG_WARN_NON_LITERAL_NULL_CONVERSION = YES;
				CLANG_WARN_OBJC_IMPLICIT_RETAIN_SELF = YES;
				CLANG_WARN_OBJC_LITERAL_CONVERSION = YES;
				CLANG_WARN_OBJC_ROOT_CLASS = YES_ERROR;
				CLANG_WARN_QUOTED_INCLUDE_IN_FRAMEWORK_HEADER = YES;
				CLANG_WARN_RANGE_LOOP_ANALYSIS = YES;
				CLANG_WARN_STRICT_PROTOTYPES = YES;
				CLANG_WARN_SUSPICIOUS_MOVE = YES;
				CLANG_WARN_UNGUARDED_AVAILABILITY = YES_AGGRESSIVE;
				CLANG_WARN_UNREACHABLE_CODE = YES;
				CLANG_WARN__DUPLICATE_METHOD_MATCH = YES;
				COPY_PHASE_STRIP = NO;
				DEBUG_INFORMATION_FORMAT = dwarf;
				ENABLE_STRICT_OBJC_MSGSEND = YES;
				ENABLE_TESTABILITY = YES;
				GCC_C_LANGUAGE_STANDARD = gnu11;
				GCC_DYNAMIC_NO_PIC = NO;
				GCC_NO_COMMON_BLOCKS = YES;
				GCC_OPTIMIZATION_LEVEL = 0;
				GCC_PREPROCESSOR_DEFINITIONS = (
					"DEBUG=1",
					"$(inherited)",
				);
				GCC_WARN_64_TO_32_BIT_CONVERSION = YES;
				GCC_WARN_ABOUT_RETURN_TYPE = YES_ERROR;
				GCC_WARN_UNDECLARED_SELECTOR = YES;
				GCC_WARN_UNINITIALIZED_AUTOS = YES_AGGRESSIVE;
				GCC_WARN_UNUSED_FUNCTION = YES;
				GCC_WARN_UNUSED_VARIABLE = YES;
				IPHONEOS_DEPLOYMENT_TARGET = 16.4;
				MTL_ENABLE_DEBUG_INFO = INCLUDE_SOURCE;
				MTL_FAST_MATH = YES;
				ONLY_ACTIVE_ARCH = YES;
				SDKROOT = iphoneos;
				SWIFT_ACTIVE_COMPILATION_CONDITIONS = DEBUG;
				SWIFT_OPTIMIZATION_LEVEL = "-Onone";
			};
			name = Debug;
		};
		235F7A5D2A17325500E15E68 /* Release */ = {
			isa = XCBuildConfiguration;
			buildSettings = {
				ALWAYS_SEARCH_USER_PATHS = NO;
				CLANG_ANALYZER_NONNULL = YES;
				CLANG_ANALYZER_NUMBER_OBJECT_CONVERSION = YES_AGGRESSIVE;
				CLANG_CXX_LANGUAGE_STANDARD = "gnu++20";
				CLANG_ENABLE_MODULES = YES;
				CLANG_ENABLE_OBJC_ARC = YES;
				CLANG_ENABLE_OBJC_WEAK = YES;
				CLANG_WARN_BLOCK_CAPTURE_AUTORELEASING = YES;
				CLANG_WARN_BOOL_CONVERSION = YES;
				CLANG_WARN_COMMA = YES;
				CLANG_WARN_CONSTANT_CONVERSION = YES;
				CLANG_WARN_DEPRECATED_OBJC_IMPLEMENTATIONS = YES;
				CLANG_WARN_DIRECT_OBJC_ISA_USAGE = YES_ERROR;
				CLANG_WARN_DOCUMENTATION_COMMENTS = YES;
				CLANG_WARN_EMPTY_BODY = YES;
				CLANG_WARN_ENUM_CONVERSION = YES;
				CLANG_WARN_INFINITE_RECURSION = YES;
				CLANG_WARN_INT_CONVERSION = YES;
				CLANG_WARN_NON_LITERAL_NULL_CONVERSION = YES;
				CLANG_WARN_OBJC_IMPLICIT_RETAIN_SELF = YES;
				CLANG_WARN_OBJC_LITERAL_CONVERSION = YES;
				CLANG_WARN_OBJC_ROOT_CLASS = YES_ERROR;
				CLANG_WARN_QUOTED_INCLUDE_IN_FRAMEWORK_HEADER = YES;
				CLANG_WARN_RANGE_LOOP_ANALYSIS = YES;
				CLANG_WARN_STRICT_PROTOTYPES = YES;
				CLANG_WARN_SUSPICIOUS_MOVE = YES;
				CLANG_WARN_UNGUARDED_AVAILABILITY = YES_AGGRESSIVE;
				CLANG_WARN_UNREACHABLE_CODE = YES;
				CLANG_WARN__DUPLICATE_METHOD_MATCH = YES;
				COPY_PHASE_STRIP = NO;
				DEBUG_INFORMATION_FORMAT = "dwarf-with-dsym";
				ENABLE_NS_ASSERTIONS = NO;
				ENABLE_STRICT_OBJC_MSGSEND = YES;
				GCC_C_LANGUAGE_STANDARD = gnu11;
				GCC_NO_COMMON_BLOCKS = YES;
				GCC_WARN_64_TO_32_BIT_CONVERSION = YES;
				GCC_WARN_ABOUT_RETURN_TYPE = YES_ERROR;
				GCC_WARN_UNDECLARED_SELECTOR = YES;
				GCC_WARN_UNINITIALIZED_AUTOS = YES_AGGRESSIVE;
				GCC_WARN_UNUSED_FUNCTION = YES;
				GCC_WARN_UNUSED_VARIABLE = YES;
				IPHONEOS_DEPLOYMENT_TARGET = 16.4;
				MTL_ENABLE_DEBUG_INFO = NO;
				MTL_FAST_MATH = YES;
				SDKROOT = iphoneos;
				SWIFT_COMPILATION_MODE = wholemodule;
				SWIFT_OPTIMIZATION_LEVEL = "-O";
				VALIDATE_PRODUCT = YES;
			};
			name = Release;
		};
		235F7A5F2A17325500E15E68 /* Debug */ = {
			isa = XCBuildConfiguration;
			buildSettings = {
				ASSETCATALOG_COMPILER_APPICON_NAME = AppIcon;
				ASSETCATALOG_COMPILER_GLOBAL_ACCENT_COLOR_NAME = AccentColor;
				CODE_SIGN_STYLE = Automatic;
				CURRENT_PROJECT_VERSION = 1;
				GENERATE_INFOPLIST_FILE = YES;
				INFOPLIST_FILE = machTwoHomeWork/Info.plist;
				INFOPLIST_KEY_UIApplicationSupportsIndirectInputEvents = YES;
				INFOPLIST_KEY_UILaunchStoryboardName = LaunchScreen;
				INFOPLIST_KEY_UIMainStoryboardFile = Main;
				INFOPLIST_KEY_UISupportedInterfaceOrientations_iPad = "UIInterfaceOrientationPortrait UIInterfaceOrientationPortraitUpsideDown UIInterfaceOrientationLandscapeLeft UIInterfaceOrientationLandscapeRight";
				INFOPLIST_KEY_UISupportedInterfaceOrientations_iPhone = "UIInterfaceOrientationPortrait UIInterfaceOrientationLandscapeLeft UIInterfaceOrientationLandscapeRight";
				LD_RUNPATH_SEARCH_PATHS = (
					"$(inherited)",
					"@executable_path/Frameworks",
				);
				MARKETING_VERSION = 1.0;
				PRODUCT_BUNDLE_IDENTIFIER = "-.machTwoHomeWork";
				PRODUCT_NAME = "$(TARGET_NAME)";
				SWIFT_EMIT_LOC_STRINGS = YES;
				SWIFT_VERSION = 5.0;
				TARGETED_DEVICE_FAMILY = "1,2";
			};
			name = Debug;
		};
		235F7A602A17325500E15E68 /* Release */ = {
			isa = XCBuildConfiguration;
			buildSettings = {
				ASSETCATALOG_COMPILER_APPICON_NAME = AppIcon;
				ASSETCATALOG_COMPILER_GLOBAL_ACCENT_COLOR_NAME = AccentColor;
				CODE_SIGN_STYLE = Automatic;
				CURRENT_PROJECT_VERSION = 1;
				GENERATE_INFOPLIST_FILE = YES;
				INFOPLIST_FILE = machTwoHomeWork/Info.plist;
				INFOPLIST_KEY_UIApplicationSupportsIndirectInputEvents = YES;
				INFOPLIST_KEY_UILaunchStoryboardName = LaunchScreen;
				INFOPLIST_KEY_UIMainStoryboardFile = Main;
				INFOPLIST_KEY_UISupportedInterfaceOrientations_iPad = "UIInterfaceOrientationPortrait UIInterfaceOrientationPortraitUpsideDown UIInterfaceOrientationLandscapeLeft UIInterfaceOrientationLandscapeRight";
				INFOPLIST_KEY_UISupportedInterfaceOrientations_iPhone = "UIInterfaceOrientationPortrait UIInterfaceOrientationLandscapeLeft UIInterfaceOrientationLandscapeRight";
				LD_RUNPATH_SEARCH_PATHS = (
					"$(inherited)",
					"@executable_path/Frameworks",
				);
				MARKETING_VERSION = 1.0;
				PRODUCT_BUNDLE_IDENTIFIER = "-.machTwoHomeWork";
				PRODUCT_NAME = "$(TARGET_NAME)";
				SWIFT_EMIT_LOC_STRINGS = YES;
				SWIFT_VERSION = 5.0;
				TARGETED_DEVICE_FAMILY = "1,2";
			};
			name = Release;
		};
		235F7A622A17325500E15E68 /* Debug */ = {
			isa = XCBuildConfiguration;
			buildSettings = {
				ALWAYS_EMBED_SWIFT_STANDARD_LIBRARIES = YES;
				BUNDLE_LOADER = "$(TEST_HOST)";
				CODE_SIGN_STYLE = Automatic;
				CURRENT_PROJECT_VERSION = 1;
				GENERATE_INFOPLIST_FILE = YES;
				IPHONEOS_DEPLOYMENT_TARGET = 16.4;
				MARKETING_VERSION = 1.0;
				PRODUCT_BUNDLE_IDENTIFIER = "-.machTwoHomeWorkTests";
				PRODUCT_NAME = "$(TARGET_NAME)";
				SWIFT_EMIT_LOC_STRINGS = NO;
				SWIFT_VERSION = 5.0;
				TARGETED_DEVICE_FAMILY = "1,2";
				TEST_HOST = "$(BUILT_PRODUCTS_DIR)/machTwoHomeWork.app/$(BUNDLE_EXECUTABLE_FOLDER_PATH)/machTwoHomeWork";
			};
			name = Debug;
		};
		235F7A632A17325500E15E68 /* Release */ = {
			isa = XCBuildConfiguration;
			buildSettings = {
				ALWAYS_EMBED_SWIFT_STANDARD_LIBRARIES = YES;
				BUNDLE_LOADER = "$(TEST_HOST)";
				CODE_SIGN_STYLE = Automatic;
				CURRENT_PROJECT_VERSION = 1;
				GENERATE_INFOPLIST_FILE = YES;
				IPHONEOS_DEPLOYMENT_TARGET = 16.4;
				MARKETING_VERSION = 1.0;
				PRODUCT_BUNDLE_IDENTIFIER = "-.machTwoHomeWorkTests";
				PRODUCT_NAME = "$(TARGET_NAME)";
				SWIFT_EMIT_LOC_STRINGS = NO;
				SWIFT_VERSION = 5.0;
				TARGETED_DEVICE_FAMILY = "1,2";
				TEST_HOST = "$(BUILT_PRODUCTS_DIR)/machTwoHomeWork.app/$(BUNDLE_EXECUTABLE_FOLDER_PATH)/machTwoHomeWork";
			};
			name = Release;
		};
		235F7A652A17325500E15E68 /* Debug */ = {
			isa = XCBuildConfiguration;
			buildSettings = {
				ALWAYS_EMBED_SWIFT_STANDARD_LIBRARIES = YES;
				CODE_SIGN_STYLE = Automatic;
				CURRENT_PROJECT_VERSION = 1;
				GENERATE_INFOPLIST_FILE = YES;
				MARKETING_VERSION = 1.0;
				PRODUCT_BUNDLE_IDENTIFIER = "-.machTwoHomeWorkUITests";
				PRODUCT_NAME = "$(TARGET_NAME)";
				SWIFT_EMIT_LOC_STRINGS = NO;
				SWIFT_VERSION = 5.0;
				TARGETED_DEVICE_FAMILY = "1,2";
				TEST_TARGET_NAME = machTwoHomeWork;
			};
			name = Debug;
		};
		235F7A662A17325500E15E68 /* Release */ = {
			isa = XCBuildConfiguration;
			buildSettings = {
				ALWAYS_EMBED_SWIFT_STANDARD_LIBRARIES = YES;
				CODE_SIGN_STYLE = Automatic;
				CURRENT_PROJECT_VERSION = 1;
				GENERATE_INFOPLIST_FILE = YES;
				MARKETING_VERSION = 1.0;
				PRODUCT_BUNDLE_IDENTIFIER = "-.machTwoHomeWorkUITests";
				PRODUCT_NAME = "$(TARGET_NAME)";
				SWIFT_EMIT_LOC_STRINGS = NO;
				SWIFT_VERSION = 5.0;
				TARGETED_DEVICE_FAMILY = "1,2";
				TEST_TARGET_NAME = machTwoHomeWork;
			};
			name = Release;
		};
/* End XCBuildConfiguration section */

/* Begin XCConfigurationList section */
		235F7A2F2A17325300E15E68 /* Build configuration list for PBXProject "machTwoHomeWork" */ = {
			isa = XCConfigurationList;
			buildConfigurations = (
				235F7A5C2A17325500E15E68 /* Debug */,
				235F7A5D2A17325500E15E68 /* Release */,
			);
			defaultConfigurationIsVisible = 0;
			defaultConfigurationName = Release;
		};
		235F7A5E2A17325500E15E68 /* Build configuration list for PBXNativeTarget "machTwoHomeWork" */ = {
			isa = XCConfigurationList;
			buildConfigurations = (
				235F7A5F2A17325500E15E68 /* Debug */,
				235F7A602A17325500E15E68 /* Release */,
			);
			defaultConfigurationIsVisible = 0;
			defaultConfigurationName = Release;
		};
		235F7A612A17325500E15E68 /* Build configuration list for PBXNativeTarget "machTwoHomeWorkTests" */ = {
			isa = XCConfigurationList;
			buildConfigurations = (
				235F7A622A17325500E15E68 /* Debug */,
				235F7A632A17325500E15E68 /* Release */,
			);
			defaultConfigurationIsVisible = 0;
			defaultConfigurationName = Release;
		};
		235F7A642A17325500E15E68 /* Build configuration list for PBXNativeTarget "machTwoHomeWorkUITests" */ = {
			isa = XCConfigurationList;
			buildConfigurations = (
				235F7A652A17325500E15E68 /* Debug */,
				235F7A662A17325500E15E68 /* Release */,
			);
			defaultConfigurationIsVisible = 0;
			defaultConfigurationName = Release;
		};
/* End XCConfigurationList section */
	};
	rootObject = 235F7A2C2A17325300E15E68 /* Project object */;
}
